// !$*UTF8*$!
{
	archiveVersion = 1;
	classes = {
	};
	objectVersion = 48;
	objects = {

/* Begin PBXBuildFile section */
		F324AF511F271AFA00559718 /* BaseViewController.m in Sources */ = {isa = PBXBuildFile; fileRef = F324AF501F271AFA00559718 /* BaseViewController.m */; };
		F324AF521F271C0400559718 /* AppDelegate.m in Sources */ = {isa = PBXBuildFile; fileRef = F39381DB1F1860A50058DFAF /* AppDelegate.m */; };
		F324AF531F271C0A00559718 /* MailViewController.m in Sources */ = {isa = PBXBuildFile; fileRef = F39381CA1F1860A50058DFAF /* MailViewController.m */; };
		F324AF541F271C0E00559718 /* RootViewController.m in Sources */ = {isa = PBXBuildFile; fileRef = F39381CC1F1860A50058DFAF /* RootViewController.m */; };
		F324AF551F271C1300559718 /* ChatViewController.m in Sources */ = {isa = PBXBuildFile; fileRef = F39381CF1F1860A50058DFAF /* ChatViewController.m */; };
		F3795F451F28811800DD6812 /* JumpRoute.framework in Embed Frameworks */ = {isa = PBXBuildFile; fileRef = F3D6E9561F273DC2001DAA37 /* JumpRoute.framework */; settings = {ATTRIBUTES = (CodeSignOnCopy, RemoveHeadersOnCopy, ); }; };
		F3795F481F28831700DD6812 /* JumpRoute.framework in Frameworks */ = {isa = PBXBuildFile; fileRef = F3795F471F28831700DD6812 /* JumpRoute.framework */; };
		F3E75B5E1F271F8500E47031 /* main.m in Sources */ = {isa = PBXBuildFile; fileRef = F39381DA1F1860A50058DFAF /* main.m */; };
/* End PBXBuildFile section */

/* Begin PBXCopyFilesBuildPhase section */
		F3795F461F28811800DD6812 /* Embed Frameworks */ = {
			isa = PBXCopyFilesBuildPhase;
			buildActionMask = 2147483647;
			dstPath = "";
			dstSubfolderSpec = 10;
			files = (
				F3795F451F28811800DD6812 /* JumpRoute.framework in Embed Frameworks */,
			);
			name = "Embed Frameworks";
			runOnlyForDeploymentPostprocessing = 0;
		};
/* End PBXCopyFilesBuildPhase section */

/* Begin PBXFileReference section */
		F324AF4F1F271AFA00559718 /* BaseViewController.h */ = {isa = PBXFileReference; lastKnownFileType = sourcecode.c.h; path = BaseViewController.h; sourceTree = "<group>"; };
		F324AF501F271AFA00559718 /* BaseViewController.m */ = {isa = PBXFileReference; lastKnownFileType = sourcecode.c.objc; path = BaseViewController.m; sourceTree = "<group>"; };
		F3795F471F28831700DD6812 /* JumpRoute.framework */ = {isa = PBXFileReference; lastKnownFileType = wrapper.framework; path = JumpRoute.framework; sourceTree = "<group>"; };
		F39381A61F185E6F0058DFAF /* JMRoute.app */ = {isa = PBXFileReference; explicitFileType = wrapper.application; includeInIndex = 0; path = JMRoute.app; sourceTree = BUILT_PRODUCTS_DIR; };
		F39381C41F18601D0058DFAF /* Info.plist */ = {isa = PBXFileReference; lastKnownFileType = text.plist.xml; path = Info.plist; sourceTree = "<group>"; };
		F39381C61F18601D0058DFAF /* Assets.xcassets */ = {isa = PBXFileReference; lastKnownFileType = folder.assetcatalog; path = Assets.xcassets; sourceTree = "<group>"; };
		F39381C91F1860A50058DFAF /* MailViewController.h */ = {isa = PBXFileReference; lastKnownFileType = sourcecode.c.h; path = MailViewController.h; sourceTree = "<group>"; };
		F39381CA1F1860A50058DFAF /* MailViewController.m */ = {isa = PBXFileReference; lastKnownFileType = sourcecode.c.objc; path = MailViewController.m; sourceTree = "<group>"; };
		F39381CC1F1860A50058DFAF /* RootViewController.m */ = {isa = PBXFileReference; lastKnownFileType = sourcecode.c.objc; path = RootViewController.m; sourceTree = "<group>"; };
		F39381CD1F1860A50058DFAF /* RootViewController.h */ = {isa = PBXFileReference; lastKnownFileType = sourcecode.c.h; path = RootViewController.h; sourceTree = "<group>"; };
		F39381CF1F1860A50058DFAF /* ChatViewController.m */ = {isa = PBXFileReference; lastKnownFileType = sourcecode.c.objc; path = ChatViewController.m; sourceTree = "<group>"; };
		F39381D01F1860A50058DFAF /* ChatViewController.h */ = {isa = PBXFileReference; lastKnownFileType = sourcecode.c.h; path = ChatViewController.h; sourceTree = "<group>"; };
		F39381D91F1860A50058DFAF /* AppDelegate.h */ = {isa = PBXFileReference; lastKnownFileType = sourcecode.c.h; path = AppDelegate.h; sourceTree = "<group>"; };
		F39381DA1F1860A50058DFAF /* main.m */ = {isa = PBXFileReference; lastKnownFileType = sourcecode.c.objc; path = main.m; sourceTree = "<group>"; };
		F39381DB1F1860A50058DFAF /* AppDelegate.m */ = {isa = PBXFileReference; lastKnownFileType = sourcecode.c.objc; path = AppDelegate.m; sourceTree = "<group>"; };
		F3D6E9561F273DC2001DAA37 /* JumpRoute.framework */ = {isa = PBXFileReference; lastKnownFileType = wrapper.framework; name = JumpRoute.framework; path = JMRoute/Resource/Framework/JumpRoute.framework; sourceTree = "<group>"; };
/* End PBXFileReference section */

/* Begin PBXFrameworksBuildPhase section */
		F39381A31F185E6F0058DFAF /* Frameworks */ = {
			isa = PBXFrameworksBuildPhase;
			buildActionMask = 2147483647;
			files = (
				F3795F481F28831700DD6812 /* JumpRoute.framework in Frameworks */,
			);
			runOnlyForDeploymentPostprocessing = 0;
		};
/* End PBXFrameworksBuildPhase section */

/* Begin PBXGroup section */
		F32E19D31F21A27400656D02 /* Framework */ = {
			isa = PBXGroup;
			children = (
				F3795F471F28831700DD6812 /* JumpRoute.framework */,
			);
			path = Framework;
			sourceTree = "<group>";
		};
		F393819D1F185E6F0058DFAF = {
			isa = PBXGroup;
			children = (
				F39381A81F185E6F0058DFAF /* JMRoute */,
				F39381A71F185E6F0058DFAF /* Products */,
				F3D6E9551F273DC1001DAA37 /* Frameworks */,
			);
			sourceTree = "<group>";
		};
		F39381A71F185E6F0058DFAF /* Products */ = {
			isa = PBXGroup;
			children = (
				F39381A61F185E6F0058DFAF /* JMRoute.app */,
			);
			name = Products;
			sourceTree = "<group>";
		};
		F39381A81F185E6F0058DFAF /* JMRoute */ = {
			isa = PBXGroup;
			children = (
				F39381BE1F185EFC0058DFAF /* Classess */,
				F39381B91F185EFC0058DFAF /* Resource */,
			);
			path = JMRoute;
			sourceTree = "<group>";
		};
		F39381B91F185EFC0058DFAF /* Resource */ = {
			isa = PBXGroup;
			children = (
				F39381C21F18601D0058DFAF /* Base.lproj */,
				F32E19D31F21A27400656D02 /* Framework */,
				F39381C51F18601D0058DFAF /* ImageResource */,
				F39381C31F18601D0058DFAF /* PlistResource */,
			);
			path = Resource;
			sourceTree = "<group>";
		};
		F39381BE1F185EFC0058DFAF /* Classess */ = {
			isa = PBXGroup;
			children = (
				F39381D81F1860A50058DFAF /* JMRoute */,
				F39381D11F1860A50058DFAF /* Base */,
				F39381C71F1860A50058DFAF /* ViewControllers */,
			);
			path = Classess;
			sourceTree = "<group>";
		};
		F39381C21F18601D0058DFAF /* Base.lproj */ = {
			isa = PBXGroup;
			children = (
			);
			path = Base.lproj;
			sourceTree = "<group>";
		};
		F39381C31F18601D0058DFAF /* PlistResource */ = {
			isa = PBXGroup;
			children = (
				F39381C41F18601D0058DFAF /* Info.plist */,
			);
			path = PlistResource;
			sourceTree = "<group>";
		};
		F39381C51F18601D0058DFAF /* ImageResource */ = {
			isa = PBXGroup;
			children = (
				F39381C61F18601D0058DFAF /* Assets.xcassets */,
			);
			path = ImageResource;
			sourceTree = "<group>";
		};
		F39381C71F1860A50058DFAF /* ViewControllers */ = {
			isa = PBXGroup;
			children = (
				F39381C81F1860A50058DFAF /* MailViewControllers */,
				F39381CB1F1860A50058DFAF /* RootViewControllers */,
				F39381CE1F1860A50058DFAF /* ChatViewControllers */,
			);
			path = ViewControllers;
			sourceTree = "<group>";
		};
		F39381C81F1860A50058DFAF /* MailViewControllers */ = {
			isa = PBXGroup;
			children = (
				F39381C91F1860A50058DFAF /* MailViewController.h */,
				F39381CA1F1860A50058DFAF /* MailViewController.m */,
			);
			path = MailViewControllers;
			sourceTree = "<group>";
		};
		F39381CB1F1860A50058DFAF /* RootViewControllers */ = {
			isa = PBXGroup;
			children = (
				F39381CD1F1860A50058DFAF /* RootViewController.h */,
				F39381CC1F1860A50058DFAF /* RootViewController.m */,
			);
			path = RootViewControllers;
			sourceTree = "<group>";
		};
		F39381CE1F1860A50058DFAF /* ChatViewControllers */ = {
			isa = PBXGroup;
			children = (
				F39381D01F1860A50058DFAF /* ChatViewController.h */,
				F39381CF1F1860A50058DFAF /* ChatViewController.m */,
			);
			path = ChatViewControllers;
			sourceTree = "<group>";
		};
		F39381D11F1860A50058DFAF /* Base */ = {
			isa = PBXGroup;
			children = (
				F324AF4F1F271AFA00559718 /* BaseViewController.h */,
				F324AF501F271AFA00559718 /* BaseViewController.m */,
			);
			path = Base;
			sourceTree = "<group>";
		};
		F39381D81F1860A50058DFAF /* JMRoute */ = {
			isa = PBXGroup;
			children = (
				F39381DA1F1860A50058DFAF /* main.m */,
				F39381D91F1860A50058DFAF /* AppDelegate.h */,
				F39381DB1F1860A50058DFAF /* AppDelegate.m */,
			);
			path = JMRoute;
			sourceTree = "<group>";
		};
		F3D6E9551F273DC1001DAA37 /* Frameworks */ = {
			isa = PBXGroup;
			children = (
				F3D6E9561F273DC2001DAA37 /* JumpRoute.framework */,
			);
			name = Frameworks;
			sourceTree = "<group>";
		};
/* End PBXGroup section */

/* Begin PBXNativeTarget section */
		F39381A51F185E6F0058DFAF /* JMRoute */ = {
			isa = PBXNativeTarget;
			buildConfigurationList = F39381B61F185E6F0058DFAF /* Build configuration list for PBXNativeTarget "JMRoute" */;
			buildPhases = (
				F39381A21F185E6F0058DFAF /* Sources */,
				F39381A31F185E6F0058DFAF /* Frameworks */,
				F39381A41F185E6F0058DFAF /* Resources */,
				F3795F461F28811800DD6812 /* Embed Frameworks */,
			);
			buildRules = (
			);
			dependencies = (
			);
			name = JMRoute;
			productName = JMRoute;
			productReference = F39381A61F185E6F0058DFAF /* JMRoute.app */;
			productType = "com.apple.product-type.application";
		};
/* End PBXNativeTarget section */

/* Begin PBXProject section */
		F393819E1F185E6F0058DFAF /* Project object */ = {
			isa = PBXProject;
			attributes = {
				LastUpgradeCheck = 0900;
				ORGANIZATIONNAME = joker;
				TargetAttributes = {
					F39381A51F185E6F0058DFAF = {
						CreatedOnToolsVersion = 9.0;
					};
				};
			};
			buildConfigurationList = F39381A11F185E6F0058DFAF /* Build configuration list for PBXProject "JMRoute" */;
			compatibilityVersion = "Xcode 8.0";
			developmentRegion = en;
			hasScannedForEncodings = 0;
			knownRegions = (
				en,
				Base,
			);
			mainGroup = F393819D1F185E6F0058DFAF;
			productRefGroup = F39381A71F185E6F0058DFAF /* Products */;
			projectDirPath = "";
			projectRoot = "";
			targets = (
				F39381A51F185E6F0058DFAF /* JMRoute */,
			);
		};
/* End PBXProject section */

/* Begin PBXResourcesBuildPhase section */
		F39381A41F185E6F0058DFAF /* Resources */ = {
			isa = PBXResourcesBuildPhase;
			buildActionMask = 2147483647;
			files = (
			);
			runOnlyForDeploymentPostprocessing = 0;
		};
/* End PBXResourcesBuildPhase section */

/* Begin PBXSourcesBuildPhase section */
		F39381A21F185E6F0058DFAF /* Sources */ = {
			isa = PBXSourcesBuildPhase;
			buildActionMask = 2147483647;
			files = (
				F3E75B5E1F271F8500E47031 /* main.m in Sources */,
				F324AF551F271C1300559718 /* ChatViewController.m in Sources */,
				F324AF541F271C0E00559718 /* RootViewController.m in Sources */,
				F324AF531F271C0A00559718 /* MailViewController.m in Sources */,
				F324AF521F271C0400559718 /* AppDelegate.m in Sources */,
				F324AF511F271AFA00559718 /* BaseViewController.m in Sources */,
			);
			runOnlyForDeploymentPostprocessing = 0;
		};
/* End PBXSourcesBuildPhase section */

/* Begin XCBuildConfiguration section */
		F39381B41F185E6F0058DFAF /* Debug */ = {
			isa = XCBuildConfiguration;
			buildSettings = {
				ALWAYS_SEARCH_USER_PATHS = NO;
				CLANG_ANALYZER_NONNULL = YES;
				CLANG_ANALYZER_NUMBER_OBJECT_CONVERSION = YES_AGGRESSIVE;
				CLANG_CXX_LANGUAGE_STANDARD = "gnu++14";
				CLANG_CXX_LIBRARY = "libc++";
				CLANG_ENABLE_MODULES = YES;
				CLANG_ENABLE_OBJC_ARC = YES;
				CLANG_WARN_BLOCK_CAPTURE_AUTORELEASING = YES;
				CLANG_WARN_BOOL_CONVERSION = YES;
				CLANG_WARN_COMMA = YES;
				CLANG_WARN_CONSTANT_CONVERSION = YES;
				CLANG_WARN_DIRECT_OBJC_ISA_USAGE = YES_ERROR;
				CLANG_WARN_DOCUMENTATION_COMMENTS = YES;
				CLANG_WARN_EMPTY_BODY = YES;
				CLANG_WARN_ENUM_CONVERSION = YES;
				CLANG_WARN_INFINITE_RECURSION = YES;
				CLANG_WARN_INT_CONVERSION = YES;
				CLANG_WARN_NON_LITERAL_NULL_CONVERSION = YES;
				CLANG_WARN_OBJC_LITERAL_CONVERSION = YES;
				CLANG_WARN_OBJC_ROOT_CLASS = YES_ERROR;
				CLANG_WARN_RANGE_LOOP_ANALYSIS = YES;
				CLANG_WARN_STRICT_PROTOTYPES = YES;
				CLANG_WARN_SUSPICIOUS_MOVE = YES;
				CLANG_WARN_UNGUARDED_AVAILABILITY = YES_AGGRESSIVE;
				CLANG_WARN_UNREACHABLE_CODE = YES;
				CLANG_WARN__DUPLICATE_METHOD_MATCH = YES;
				CODE_SIGN_IDENTITY = "iPhone Developer";
				COPY_PHASE_STRIP = NO;
				DEBUG_INFORMATION_FORMAT = dwarf;
				ENABLE_STRICT_OBJC_MSGSEND = YES;
				ENABLE_TESTABILITY = YES;
				GCC_C_LANGUAGE_STANDARD = gnu11;
				GCC_DYNAMIC_NO_PIC = NO;
				GCC_NO_COMMON_BLOCKS = YES;
				GCC_OPTIMIZATION_LEVEL = 0;
				GCC_PREPROCESSOR_DEFINITIONS = (
					"DEBUG=1",
					"$(inherited)",
				);
				GCC_WARN_64_TO_32_BIT_CONVERSION = YES;
				GCC_WARN_ABOUT_RETURN_TYPE = YES_ERROR;
				GCC_WARN_UNDECLARED_SELECTOR = YES;
				GCC_WARN_UNINITIALIZED_AUTOS = YES_AGGRESSIVE;
				GCC_WARN_UNUSED_FUNCTION = YES;
				GCC_WARN_UNUSED_VARIABLE = YES;
				IPHONEOS_DEPLOYMENT_TARGET = 11.0;
				MTL_ENABLE_DEBUG_INFO = YES;
				ONLY_ACTIVE_ARCH = YES;
				SDKROOT = iphoneos;
			};
			name = Debug;
		};
		F39381B51F185E6F0058DFAF /* Release */ = {
			isa = XCBuildConfiguration;
			buildSettings = {
				ALWAYS_SEARCH_USER_PATHS = NO;
				CLANG_ANALYZER_NONNULL = YES;
				CLANG_ANALYZER_NUMBER_OBJECT_CONVERSION = YES_AGGRESSIVE;
				CLANG_CXX_LANGUAGE_STANDARD = "gnu++14";
				CLANG_CXX_LIBRARY = "libc++";
				CLANG_ENABLE_MODULES = YES;
				CLANG_ENABLE_OBJC_ARC = YES;
				CLANG_WARN_BLOCK_CAPTURE_AUTORELEASING = YES;
				CLANG_WARN_BOOL_CONVERSION = YES;
				CLANG_WARN_COMMA = YES;
				CLANG_WARN_CONSTANT_CONVERSION = YES;
				CLANG_WARN_DIRECT_OBJC_ISA_USAGE = YES_ERROR;
				CLANG_WARN_DOCUMENTATION_COMMENTS = YES;
				CLANG_WARN_EMPTY_BODY = YES;
				CLANG_WARN_ENUM_CONVERSION = YES;
				CLANG_WARN_INFINITE_RECURSION = YES;
				CLANG_WARN_INT_CONVERSION = YES;
				CLANG_WARN_NON_LITERAL_NULL_CONVERSION = YES;
				CLANG_WARN_OBJC_LITERAL_CONVERSION = YES;
				CLANG_WARN_OBJC_ROOT_CLASS = YES_ERROR;
				CLANG_WARN_RANGE_LOOP_ANALYSIS = YES;
				CLANG_WARN_STRICT_PROTOTYPES = YES;
				CLANG_WARN_SUSPICIOUS_MOVE = YES;
				CLANG_WARN_UNGUARDED_AVAILABILITY = YES_AGGRESSIVE;
				CLANG_WARN_UNREACHABLE_CODE = YES;
				CLANG_WARN__DUPLICATE_METHOD_MATCH = YES;
				CODE_SIGN_IDENTITY = "iPhone Developer";
				COPY_PHASE_STRIP = NO;
				DEBUG_INFORMATION_FORMAT = "dwarf-with-dsym";
				ENABLE_NS_ASSERTIONS = NO;
				ENABLE_STRICT_OBJC_MSGSEND = YES;
				GCC_C_LANGUAGE_STANDARD = gnu11;
				GCC_NO_COMMON_BLOCKS = YES;
				GCC_WARN_64_TO_32_BIT_CONVERSION = YES;
				GCC_WARN_ABOUT_RETURN_TYPE = YES_ERROR;
				GCC_WARN_UNDECLARED_SELECTOR = YES;
				GCC_WARN_UNINITIALIZED_AUTOS = YES_AGGRESSIVE;
				GCC_WARN_UNUSED_FUNCTION = YES;
				GCC_WARN_UNUSED_VARIABLE = YES;
				IPHONEOS_DEPLOYMENT_TARGET = 11.0;
				MTL_ENABLE_DEBUG_INFO = NO;
				SDKROOT = iphoneos;
				VALIDATE_PRODUCT = YES;
			};
			name = Release;
		};
		F39381B71F185E6F0058DFAF /* Debug */ = {
			isa = XCBuildConfiguration;
			buildSettings = {
				ASSETCATALOG_COMPILER_APPICON_NAME = AppIcon;
				DEVELOPMENT_TEAM = 7U64SHU6Y6;
				FRAMEWORK_SEARCH_PATHS = (
					"$(inherited)",
					"$(PROJECT_DIR)/JMRoute/Resource/Framework",
				);
				INFOPLIST_FILE = JMRoute/Resource/PlistResource/Info.plist;
				IPHONEOS_DEPLOYMENT_TARGET = 8.0;
				LD_RUNPATH_SEARCH_PATHS = "$(inherited) @executable_path/Resource/Frameworks @executable_path/Frameworks";
				OTHER_LDFLAGS = (
					"-ObjC",
					"$(inherited)",
				);
				PRODUCT_BUNDLE_IDENTIFIER = com.JM1028.JMRoute;
				PRODUCT_NAME = "$(TARGET_NAME)";
				TARGETED_DEVICE_FAMILY = 1;
			};
			name = Debug;
		};
		F39381B81F185E6F0058DFAF /* Release */ = {
			isa = XCBuildConfiguration;
			buildSettings = {
				ASSETCATALOG_COMPILER_APPICON_NAME = AppIcon;
				DEVELOPMENT_TEAM = 7U64SHU6Y6;
				FRAMEWORK_SEARCH_PATHS = (
					"$(inherited)",
					"$(PROJECT_DIR)/JMRoute/Resource/Framework",
				);
				INFOPLIST_FILE = JMRoute/Resource/PlistResource/Info.plist;
				IPHONEOS_DEPLOYMENT_TARGET = 8.0;
				LD_RUNPATH_SEARCH_PATHS = "$(inherited) @executable_path/Resource/Frameworks @executable_path/Frameworks";
				OTHER_LDFLAGS = (
					"-ObjC",
					"$(inherited)",
				);
				PRODUCT_BUNDLE_IDENTIFIER = com.JM1028.JMRoute;
				PRODUCT_NAME = "$(TARGET_NAME)";
				TARGETED_DEVICE_FAMILY = 1;
			};
			name = Release;
		};
/* End XCBuildConfiguration section */

/* Begin XCConfigurationList section */
		F39381A11F185E6F0058DFAF /* Build configuration list for PBXProject "JMRoute" */ = {
			isa = XCConfigurationList;
			buildConfigurations = (
				F39381B41F185E6F0058DFAF /* Debug */,
				F39381B51F185E6F0058DFAF /* Release */,
			);
			defaultConfigurationIsVisible = 0;
			defaultConfigurationName = Release;
		};
		F39381B61F185E6F0058DFAF /* Build configuration list for PBXNativeTarget "JMRoute" */ = {
			isa = XCConfigurationList;
			buildConfigurations = (
				F39381B71F185E6F0058DFAF /* Debug */,
				F39381B81F185E6F0058DFAF /* Release */,
			);
			defaultConfigurationIsVisible = 0;
			defaultConfigurationName = Release;
		};
/* End XCConfigurationList section */
	};
	rootObject = F393819E1F185E6F0058DFAF /* Project object */;
}
